
Microsoft Visual Studio Solution File, Format Version 12.00
# Visual Studio Version 17
VisualStudioVersion = 17.6.33723.286
MinimumVisualStudioVersion = 10.0.40219.1
Project("{FAE04EC0-301F-11D3-BF4B-00C04F79EFBC}") = "MyLeasing.Web", "MyLeasing\MyLeasing.Web.csproj", "{36F6BC08-2D64-484D-9953-25BA584811EA}"
EndProject
Project("{FAE04EC0-301F-11D3-BF4B-00C04F79EFBC}") = "MyLeasing.Common", "MyLeasing.Common\MyLeasing.Common.csproj", "{5A2695F1-F33A-4414-A94B-8FC3D1887F9E}"
EndProject
Global
	GlobalSection(SolutionConfigurationPlatforms) = preSolution
		Debug|Any CPU = Debug|Any CPU
		Release|Any CPU = Release|Any CPU
	EndGlobalSection
	GlobalSection(ProjectConfigurationPlatforms) = postSolution
		{36F6BC08-2D64-484D-9953-25BA584811EA}.Debug|Any CPU.ActiveCfg = Debug|Any CPU
		{36F6BC08-2D64-484D-9953-25BA584811EA}.Debug|Any CPU.Build.0 = Debug|Any CPU
		{36F6BC08-2D64-484D-9953-25BA584811EA}.Release|Any CPU.ActiveCfg = Release|Any CPU
		{36F6BC08-2D64-484D-9953-25BA584811EA}.Release|Any CPU.Build.0 = Release|Any CPU
		{5A2695F1-F33A-4414-A94B-8FC3D1887F9E}.Debug|Any CPU.ActiveCfg = Debug|Any CPU
		{5A2695F1-F33A-4414-A94B-8FC3D1887F9E}.Debug|Any CPU.Build.0 = Debug|Any CPU
		{5A2695F1-F33A-4414-A94B-8FC3D1887F9E}.Release|Any CPU.ActiveCfg = Release|Any CPU
		{5A2695F1-F33A-4414-A94B-8FC3D1887F9E}.Release|Any CPU.Build.0 = Release|Any CPU
	EndGlobalSection
	GlobalSection(SolutionProperties) = preSolution
		HideSolutionNode = FALSE
	EndGlobalSection
	GlobalSection(ExtensibilityGlobals) = postSolution
		SolutionGuid = {2BBBFA3E-6C64-4D46-A567-2892391BAC00}
	EndGlobalSection
EndGlobal
